{
  "version": 4,
  "terraform_version": "1.9.5",
  "serial": 299,
  "lineage": "96461493-4588-e39f-63e3-c8879c8e58dd",
  "outputs": {
    "datasource_fabric_description": {
      "value": "My super description2",
      "type": "string"
    },
    "datasource_node_management_port_config_type": {
      "value": "CONFIG_TYPE_STATIC",
      "type": "string"
    },
    "datasource_node_position": {
      "value": "LF002",
      "type": "string"
    },
    "datasource_user_auth_provider": {
      "value": "CISCO",
      "type": "string"
    },
    "datasource_vni_description": {
      "value": "My Super New Third VNI",
      "type": "string"
    }
  },
  "resources": [
    {
      "mode": "data",
      "type": "hyperfabric_fabric",
      "name": "fab2",
      "provider": "provider[\"registry.terraform.io/cisco-open/hyperfabric\"]",
      "instances": [
        {
          "schema_version": 0,
          "attributes": {
            "address": "170 West Tasman Dr.",
            "annotations": [
              {
                "data_type": "STRING",
                "name": "color",
                "value": "blue"
              },
              {
                "data_type": "STRING",
                "name": "rack",
                "value": "AAA01"
              }
            ],
            "city": "San Jose",
            "country": "USA",
            "description": "My super description2",
            "id": "terraform-fab2-lionel",
            "labels": [
              "BT",
              "blue",
              "sj01-1-101-AAA01"
            ],
            "location": "sj01-1-101-AAA01",
            "metadata": null,
            "name": "terraform-fab2-lionel"
          },
          "sensitive_attributes": []
        }
      ]
    },
    {
      "mode": "data",
      "type": "hyperfabric_node",
      "name": "node1",
      "provider": "provider[\"registry.terraform.io/cisco-open/hyperfabric\"]",
      "instances": [
        {
          "schema_version": 0,
          "attributes": {
            "annotations": [],
            "description": null,
            "device_id": null,
            "enabled": true,
            "fabric_id": "1e38764d-47d3-4e9c-aa80-8a04d66562c2",
            "id": "1e38764d-47d3-4e9c-aa80-8a04d66562c2/nodes/cad0b12c-3715-4a99-845b-b6e49d66bcdb",
            "labels": null,
            "location": null,
            "metadata": null,
            "model_name": "HF6100-32D",
            "name": "fab1-leaf1",
            "node_id": "cad0b12c-3715-4a99-845b-b6e49d66bcdb",
            "position": "LF002",
            "roles": [
              "LEAF"
            ],
            "serial_number": null
          },
          "sensitive_attributes": []
        }
      ]
    },
    {
      "mode": "data",
      "type": "hyperfabric_node_management_port",
      "name": "node3",
      "provider": "provider[\"registry.terraform.io/cisco-open/hyperfabric\"]",
      "instances": [
        {
          "schema_version": 0,
          "attributes": {
            "cloud_urls": [
              "https://hyperfabric.cisco.com"
            ],
            "config_origin": "CONFIG_ORIGIN_CLOUD",
            "connected_state": null,
            "description": "Management Ethernet Port Configuration",
            "dns_addresses": [
              "1.1.1.1",
              "8.8.8.8"
            ],
            "enabled": false,
            "id": "1e38764d-47d3-4e9c-aa80-8a04d66562c2/nodes/1ac71961-4030-435d-8947-f6b09c8b4fbe/managementPorts/5dbbda69-3128-471e-a2c1-a65ba89e581d",
            "ipv4_address": "10.0.0.3/24",
            "ipv4_config_type": "CONFIG_TYPE_STATIC",
            "ipv4_gateway": "10.0.0.254",
            "ipv6_address": "2001::3/64",
            "ipv6_config_type": "CONFIG_TYPE_STATIC",
            "ipv6_gateway": "2001::254",
            "metadata": {
              "created_at": "2024-09-01T06:46:19.598529Z",
              "created_by": "cisco/lhercot@cisco.com",
              "modified_at": "2024-09-01T08:56:41.781400Z",
              "modified_by": "cisco/lhercot@cisco.com",
              "revision_id": "8"
            },
            "name": "eth0",
            "no_proxy": [
              "10.0.0.1",
              "server.local"
            ],
            "node_id": "1e38764d-47d3-4e9c-aa80-8a04d66562c2/nodes/1ac71961-4030-435d-8947-f6b09c8b4fbe",
            "node_management_port_id": "5dbbda69-3128-471e-a2c1-a65ba89e581d",
            "ntp_addresses": [
              "be.pool.ntp.org",
              "us.pool.ntp.org"
            ],
            "proxy_address": "proxy.mycompany.com:80",
            "proxy_credential_id": null,
            "proxy_password": null,
            "proxy_username": "my_proxy_user"
          },
          "sensitive_attributes": []
        }
      ]
    },
    {
      "mode": "data",
      "type": "hyperfabric_user",
      "name": "user1",
      "provider": "provider[\"registry.terraform.io/cisco-open/hyperfabric\"]",
      "instances": [
        {
          "schema_version": 0,
          "attributes": {
            "auth_provider": "CISCO",
            "email": "test@test.be",
            "enabled": true,
            "id": "test@test.be",
            "labels": null,
            "last_login": null,
            "metadata": null,
            "role": "READ_ONLY"
          },
          "sensitive_attributes": []
        }
      ]
    },
    {
      "mode": "data",
      "type": "hyperfabric_vni",
      "name": "vni3",
      "provider": "provider[\"registry.terraform.io/cisco-open/hyperfabric\"]",
      "instances": [
        {
          "schema_version": 0,
          "attributes": {
            "annotations": [
              {
                "data_type": "STRING",
                "name": "position",
                "value": "LF0068"
              }
            ],
            "description": "My Super New Third VNI",
            "enabled": true,
            "fabric_id": "1e38764d-47d3-4e9c-aa80-8a04d66562c2",
            "id": "1e38764d-47d3-4e9c-aa80-8a04d66562c2/vnis/",
            "is_default": null,
            "labels": [
              "103",
              "Ahhh",
              "Ohhhh"
            ],
            "members": [
              {
                "node_id": "*",
                "node_name": null,
                "port_name": "*",
                "vlan_id": 103
              },
              {
                "node_id": "8f1f204f-6350-4d9b-8fe2-0e15c500875c",
                "node_name": "fab1-leaf2",
                "port_name": "*",
                "vlan_id": 103
              },
              {
                "node_id": "8f1f204f-6350-4d9b-8fe2-0e15c500875c",
                "node_name": "fab1-leaf2",
                "port_name": "Ethernet1_10",
                "vlan_id": 103
              }
            ],
            "metadata": {
              "created_at": "2024-09-03T05:47:36.069971Z",
              "created_by": "cisco/lhercot@cisco.com",
              "modified_at": "2024-09-03T06:33:02.171089Z",
              "modified_by": "cisco/lhercot@cisco.com",
              "revision_id": "3"
            },
            "mtu": null,
            "name": "VNI3",
            "svi": {
              "enabled": true,
              "ipv4_addresses": [
                "192.168.0.254/24"
              ],
              "ipv6_addresses": [
                "2001::1/64",
                "2002::1/64"
              ]
            },
            "vni": 100,
            "vni_id": "15fe02d7-39d6-4a79-bd86-9e33e38b662e",
            "vrf_id": null
          },
          "sensitive_attributes": []
        }
      ]
    },
    {
      "mode": "managed",
      "type": "hyperfabric_bearer_token",
      "name": "token1",
      "provider": "provider[\"registry.terraform.io/cisco-open/hyperfabric\"]",
      "instances": [
        {
          "schema_version": 0,
          "attributes": {
            "description": null,
            "id": "b79008e0-73ee-4f98-b8e8-6fd8b6243257",
            "metadata": null,
            "name": "token1",
            "not_after": "2025-09-03T09:58:50.254641Z",
            "not_before": "2024-09-03T09:58:50.254641Z",
            "scope": "READ_ONLY",
            "token": "eyJhbGciOiJFZERTQSIsImtpZCI6IjNkYzM4ODAyYWYyZDViNmNlZGE2NGM1ODRlZTRjMjYwNDdhM2IxZDlmMTc3ODc4N2I0OGM0ODE0NDI3ZjYzYzYiLCJ0eXAiOiJKV1QifQ.eyJleHAiOjE3NTY4OTM1MzAsImp0aSI6ImI3OTAwOGUwLTczZWUtNGY5OC1iOGU4LTZmZDhiNjI0MzI1NyIsImlhdCI6MTcyNTM1NzUzMCwiaXNzIjoiQ2lzY28gTmV4dXMgSHlwZXJGYWJyaWMiLCJuYmYiOjE3MjUzNTc1MzAsInN1YiI6ImxoZXJjb3RAY2lzY28uY29tIn0.v1EliE-V-QJRDRy6nJHPRd4wHIyGWm7_iNoBW3lQ8--_1tfrleCopqzf3dVvRZ4Gt2Ytsy-LT20V5lncRlRGCw",
            "token_id": "b79008e0-73ee-4f98-b8e8-6fd8b6243257"
          },
          "sensitive_attributes": [
            [
              {
                "type": "get_attr",
                "value": "token"
              }
            ]
          ]
        }
      ]
    },
    {
      "mode": "managed",
      "type": "hyperfabric_bearer_token",
      "name": "token2",
      "provider": "provider[\"registry.terraform.io/cisco-open/hyperfabric\"]",
      "instances": [
        {
          "schema_version": 0,
          "attributes": {
            "description": "My New Second Token",
            "id": "fbbaa26c-f4cc-4c5a-a68d-364389a3d9f6",
            "metadata": null,
            "name": "token2",
            "not_after": "2025-09-03T08:00:00.000Z",
            "not_before": "2024-09-03T08:00:00.000Z",
            "scope": "ADMIN",
            "token": "eyJhbGciOiJFZERTQSIsImtpZCI6IjNkYzM4ODAyYWYyZDViNmNlZGE2NGM1ODRlZTRjMjYwNDdhM2IxZDlmMTc3ODc4N2I0OGM0ODE0NDI3ZjYzYzYiLCJ0eXAiOiJKV1QifQ.eyJleHAiOjE3NTY4ODY0MDAsImp0aSI6ImZiYmFhMjZjLWY0Y2MtNGM1YS1hNjhkLTM2NDM4OWEzZDlmNiIsImlhdCI6MTcyNTM1OTExOSwiaXNzIjoiQ2lzY28gTmV4dXMgSHlwZXJGYWJyaWMiLCJuYmYiOjE3MjUzNTA0MDAsInN1YiI6ImxoZXJjb3RAY2lzY28uY29tIn0.8OTRsN6x9l6yxuorQdkyLA3OyiJu0lEFxzRzIkuGgS09SVOlWgg31NXx4mmy3w8BZTUhtuUALQZ4i5A6mfahCw",
            "token_id": "fbbaa26c-f4cc-4c5a-a68d-364389a3d9f6"
          },
          "sensitive_attributes": [
            [
              {
                "type": "get_attr",
                "value": "token"
              }
            ]
          ]
        }
      ]
    },
    {
      "mode": "managed",
      "type": "hyperfabric_connection",
      "name": "node1-node3",
      "provider": "provider[\"registry.terraform.io/cisco-open/hyperfabric\"]",
      "instances": [
        {
          "schema_version": 0,
          "attributes": {
            "cable_length": null,
            "cable_type": "CABLE_TYPE_UNSPECIFIED",
            "connection_id": "e4efcc55-35a2-4a13-818e-dcb21a915e1f",
            "description": null,
            "fabric_id": "1e38764d-47d3-4e9c-aa80-8a04d66562c2",
            "id": "1e38764d-47d3-4e9c-aa80-8a04d66562c2/connections/e4efcc55-35a2-4a13-818e-dcb21a915e1f",
            "local": {
              "node_id": "cad0b12c-3715-4a99-845b-b6e49d66bcdb",
              "node_name": "fab1-leaf1",
              "port_name": "Ethernet1_1"
            },
            "os_type": null,
            "pluggable": null,
            "remote": {
              "node_id": "1ac71961-4030-435d-8947-f6b09c8b4fbe",
              "node_name": "fab1-spine1",
              "port_name": "Ethernet1_1"
            },
            "unrecognized": false
          },
          "sensitive_attributes": [],
          "dependencies": [
            "hyperfabric_fabric.fab1",
            "hyperfabric_node.node1",
            "hyperfabric_node.node3"
          ]
        }
      ]
    },
    {
      "mode": "managed",
      "type": "hyperfabric_connection",
      "name": "node1-node4",
      "provider": "provider[\"registry.terraform.io/cisco-open/hyperfabric\"]",
      "instances": [
        {
          "schema_version": 0,
          "attributes": {
            "cable_length": 7,
            "cable_type": "DAC",
            "connection_id": "ea2b10ed-4351-4d0b-98bd-aa8638fff642",
            "description": "Connection between node1 and node4",
            "fabric_id": "1e38764d-47d3-4e9c-aa80-8a04d66562c2",
            "id": "1e38764d-47d3-4e9c-aa80-8a04d66562c2/connections/ea2b10ed-4351-4d0b-98bd-aa8638fff642",
            "local": {
              "node_id": "cad0b12c-3715-4a99-845b-b6e49d66bcdb",
              "node_name": "fab1-leaf1",
              "port_name": "Ethernet1_2"
            },
            "os_type": null,
            "pluggable": "SFP-10G-AOC7M",
            "remote": {
              "node_id": "c986b0cb-1c58-48e1-a7b2-3828cad097e1",
              "node_name": "fab1-spine2",
              "port_name": "Ethernet1_1"
            },
            "unrecognized": false
          },
          "sensitive_attributes": [],
          "dependencies": [
            "hyperfabric_fabric.fab1",
            "hyperfabric_node.node1",
            "hyperfabric_node.node4"
          ]
        }
      ]
    },
    {
      "mode": "managed",
      "type": "hyperfabric_connection",
      "name": "node2-node3",
      "provider": "provider[\"registry.terraform.io/cisco-open/hyperfabric\"]",
      "instances": [
        {
          "schema_version": 0,
          "attributes": {
            "cable_length": null,
            "cable_type": "CABLE_TYPE_UNSPECIFIED",
            "connection_id": "be31af26-c1e9-49ed-bb4c-3302464d2a36",
            "description": null,
            "fabric_id": "1e38764d-47d3-4e9c-aa80-8a04d66562c2",
            "id": "1e38764d-47d3-4e9c-aa80-8a04d66562c2/connections/be31af26-c1e9-49ed-bb4c-3302464d2a36",
            "local": {
              "node_id": "8f1f204f-6350-4d9b-8fe2-0e15c500875c",
              "node_name": "fab1-leaf2",
              "port_name": "Ethernet1_1"
            },
            "os_type": null,
            "pluggable": null,
            "remote": {
              "node_id": "1ac71961-4030-435d-8947-f6b09c8b4fbe",
              "node_name": "fab1-spine1",
              "port_name": "Ethernet1_2"
            },
            "unrecognized": false
          },
          "sensitive_attributes": [],
          "dependencies": [
            "hyperfabric_fabric.fab1",
            "hyperfabric_node.node2",
            "hyperfabric_node.node3"
          ]
        }
      ]
    },
    {
      "mode": "managed",
      "type": "hyperfabric_connection",
      "name": "node2-node4",
      "provider": "provider[\"registry.terraform.io/cisco-open/hyperfabric\"]",
      "instances": [
        {
          "schema_version": 0,
          "attributes": {
            "cable_length": null,
            "cable_type": "CABLE_TYPE_UNSPECIFIED",
            "connection_id": "2cb032bf-3672-47be-875c-29d8ba44b196",
            "description": null,
            "fabric_id": "1e38764d-47d3-4e9c-aa80-8a04d66562c2",
            "id": "1e38764d-47d3-4e9c-aa80-8a04d66562c2/connections/2cb032bf-3672-47be-875c-29d8ba44b196",
            "local": {
              "node_id": "8f1f204f-6350-4d9b-8fe2-0e15c500875c",
              "node_name": "fab1-leaf2",
              "port_name": "Ethernet1_2"
            },
            "os_type": null,
            "pluggable": null,
            "remote": {
              "node_id": "c986b0cb-1c58-48e1-a7b2-3828cad097e1",
              "node_name": "fab1-spine2",
              "port_name": "Ethernet1_2"
            },
            "unrecognized": false
          },
          "sensitive_attributes": [],
          "dependencies": [
            "hyperfabric_fabric.fab1",
            "hyperfabric_node.node2",
            "hyperfabric_node.node4"
          ]
        }
      ]
    },
    {
      "mode": "managed",
      "type": "hyperfabric_fabric",
      "name": "fab1",
      "provider": "provider[\"registry.terraform.io/cisco-open/hyperfabric\"]",
      "instances": [
        {
          "schema_version": 0,
          "attributes": {
            "address": null,
            "annotations": [
              {
                "data_type": "STRING",
                "name": "test",
                "value": "test"
              }
            ],
            "city": null,
            "country": null,
            "description": "My super description",
            "id": "1e38764d-47d3-4e9c-aa80-8a04d66562c2",
            "labels": null,
            "location": null,
            "metadata": null,
            "name": "terraform-fab1-lionel"
          },
          "sensitive_attributes": []
        }
      ]
    },
    {
      "mode": "managed",
      "type": "hyperfabric_fabric",
      "name": "fab2",
      "provider": "provider[\"registry.terraform.io/cisco-open/hyperfabric\"]",
      "instances": [
        {
          "schema_version": 0,
          "attributes": {
            "address": "170 West Tasman Dr.",
            "annotations": [
              {
                "data_type": "STRING",
                "name": "color",
                "value": "blue"
              },
              {
                "data_type": "STRING",
                "name": "rack",
                "value": "AAA01"
              }
            ],
            "city": "San Jose",
            "country": "USA",
            "description": "My super description2",
            "id": "825b4f4e-9056-48b1-abe7-f1604673df8a",
            "labels": [
              "BT",
              "blue",
              "sj01-1-101-AAA01"
            ],
            "location": "sj01-1-101-AAA01",
            "metadata": null,
            "name": "terraform-fab2-lionel"
          },
          "sensitive_attributes": []
        }
      ]
    },
    {
      "mode": "managed",
      "type": "hyperfabric_node",
      "name": "node1",
      "provider": "provider[\"registry.terraform.io/cisco-open/hyperfabric\"]",
      "instances": [
        {
          "schema_version": 0,
          "attributes": {
            "annotations": [],
            "description": null,
            "device_id": null,
            "enabled": true,
            "fabric_id": "1e38764d-47d3-4e9c-aa80-8a04d66562c2",
            "id": "1e38764d-47d3-4e9c-aa80-8a04d66562c2/nodes/cad0b12c-3715-4a99-845b-b6e49d66bcdb",
            "labels": null,
            "location": null,
            "metadata": null,
            "model_name": "HF6100-32D",
            "name": "fab1-leaf1",
            "node_id": "cad0b12c-3715-4a99-845b-b6e49d66bcdb",
            "position": "LF002",
            "roles": [
              "LEAF"
            ],
            "serial_number": null
          },
          "sensitive_attributes": [],
          "dependencies": [
            "hyperfabric_fabric.fab1"
          ]
        }
      ]
    },
    {
      "mode": "managed",
      "type": "hyperfabric_node",
      "name": "node2",
      "provider": "provider[\"registry.terraform.io/cisco-open/hyperfabric\"]",
      "instances": [
        {
          "schema_version": 0,
          "attributes": {
            "annotations": [],
            "description": "The 2nd Leaf of this Fabric2",
            "device_id": null,
            "enabled": false,
            "fabric_id": "1e38764d-47d3-4e9c-aa80-8a04d66562c2",
            "id": "1e38764d-47d3-4e9c-aa80-8a04d66562c2/nodes/8f1f204f-6350-4d9b-8fe2-0e15c500875c",
            "labels": null,
            "location": null,
            "metadata": null,
            "model_name": "HF6100-32D",
            "name": "fab1-leaf2",
            "node_id": "8f1f204f-6350-4d9b-8fe2-0e15c500875c",
            "position": "LF001",
            "roles": [
              "LEAF"
            ],
            "serial_number": null
          },
          "sensitive_attributes": [],
          "dependencies": [
            "hyperfabric_fabric.fab1"
          ]
        }
      ]
    },
    {
      "mode": "managed",
      "type": "hyperfabric_node",
      "name": "node3",
      "provider": "provider[\"registry.terraform.io/cisco-open/hyperfabric\"]",
      "instances": [
        {
          "schema_version": 0,
          "attributes": {
            "annotations": [
              {
                "data_type": "STRING",
                "name": "color",
                "value": "red"
              },
              {
                "data_type": "STRING",
                "name": "rack",
                "value": "AAA01"
              }
            ],
            "description": "The 1st Spine of this Fabric",
            "device_id": null,
            "enabled": true,
            "fabric_id": "1e38764d-47d3-4e9c-aa80-8a04d66562c2",
            "id": "1e38764d-47d3-4e9c-aa80-8a04d66562c2/nodes/1ac71961-4030-435d-8947-f6b09c8b4fbe",
            "labels": [
              "blue",
              "green",
              "red"
            ],
            "location": "SJ01-1-101-AAA01",
            "metadata": null,
            "model_name": "HF6100-32D",
            "name": "fab1-spine1",
            "node_id": "1ac71961-4030-435d-8947-f6b09c8b4fbe",
            "position": "SP001",
            "roles": [
              "SPINE"
            ],
            "serial_number": "ABCDF000"
          },
          "sensitive_attributes": [],
          "dependencies": [
            "hyperfabric_fabric.fab1"
          ]
        }
      ]
    },
    {
      "mode": "managed",
      "type": "hyperfabric_node",
      "name": "node4",
      "provider": "provider[\"registry.terraform.io/cisco-open/hyperfabric\"]",
      "instances": [
        {
          "schema_version": 0,
          "attributes": {
            "annotations": [],
            "description": null,
            "device_id": null,
            "enabled": true,
            "fabric_id": "1e38764d-47d3-4e9c-aa80-8a04d66562c2",
            "id": "1e38764d-47d3-4e9c-aa80-8a04d66562c2/nodes/c986b0cb-1c58-48e1-a7b2-3828cad097e1",
            "labels": null,
            "location": null,
            "metadata": null,
            "model_name": "HF6100-32D",
            "name": "fab1-spine2",
            "node_id": "c986b0cb-1c58-48e1-a7b2-3828cad097e1",
            "position": "SP002",
            "roles": [
              "SPINE"
            ],
            "serial_number": "TFAB37352081"
          },
          "sensitive_attributes": [],
          "dependencies": [
            "hyperfabric_fabric.fab1"
          ]
        }
      ]
    },
    {
      "mode": "managed",
      "type": "hyperfabric_node_management_port",
      "name": "node1",
      "provider": "provider[\"registry.terraform.io/cisco-open/hyperfabric\"]",
      "instances": [
        {
          "schema_version": 0,
          "attributes": {
            "cloud_urls": null,
            "config_origin": "CONFIG_ORIGIN_CLOUD",
            "connected_state": null,
            "description": "Management Ethernet Port Configuration",
            "dns_addresses": [
              "1.1.1.1",
              "8.8.8.8"
            ],
            "enabled": false,
            "id": "1e38764d-47d3-4e9c-aa80-8a04d66562c2/nodes/cad0b12c-3715-4a99-845b-b6e49d66bcdb/managementPorts/32808b53-efa9-496d-9761-1ac112a4cf6b",
            "ipv4_address": "10.0.0.2/24",
            "ipv4_config_type": "CONFIG_TYPE_STATIC",
            "ipv4_gateway": "10.0.0.254",
            "ipv6_address": "2001::1/64",
            "ipv6_config_type": "CONFIG_TYPE_STATIC",
            "ipv6_gateway": "2001::254",
            "metadata": {
              "created_at": "2024-09-01T06:06:37.877809Z",
              "created_by": "cisco/lhercot@cisco.com",
              "modified_at": "2024-09-01T06:26:18.093713Z",
              "modified_by": "cisco/lhercot@cisco.com",
              "revision_id": "5"
            },
            "name": "eth0",
            "no_proxy": null,
            "node_id": "1e38764d-47d3-4e9c-aa80-8a04d66562c2/nodes/cad0b12c-3715-4a99-845b-b6e49d66bcdb",
            "node_management_port_id": "32808b53-efa9-496d-9761-1ac112a4cf6b",
            "ntp_addresses": null,
            "proxy_address": null,
            "proxy_credential_id": null,
            "proxy_password": null,
            "proxy_username": null
          },
          "sensitive_attributes": [],
          "dependencies": [
            "hyperfabric_fabric.fab1",
            "hyperfabric_node.node1"
          ]
        }
      ]
    },
    {
      "mode": "managed",
      "type": "hyperfabric_node_management_port",
      "name": "node3",
      "provider": "provider[\"registry.terraform.io/cisco-open/hyperfabric\"]",
      "instances": [
        {
          "schema_version": 0,
          "attributes": {
            "cloud_urls": [
              "https://hyperfabric.cisco.com"
            ],
            "config_origin": "CONFIG_ORIGIN_CLOUD",
            "connected_state": null,
            "description": "Management Ethernet Port Configuration",
            "dns_addresses": [
              "1.1.1.1",
              "8.8.8.8"
            ],
            "enabled": false,
            "id": "1e38764d-47d3-4e9c-aa80-8a04d66562c2/nodes/1ac71961-4030-435d-8947-f6b09c8b4fbe/managementPorts/5dbbda69-3128-471e-a2c1-a65ba89e581d",
            "ipv4_address": "10.0.0.3/24",
            "ipv4_config_type": "CONFIG_TYPE_STATIC",
            "ipv4_gateway": "10.0.0.254",
            "ipv6_address": "2001::3/64",
            "ipv6_config_type": "CONFIG_TYPE_STATIC",
            "ipv6_gateway": "2001::254",
            "metadata": {
              "created_at": "2024-09-01T06:46:19.598529Z",
              "created_by": "cisco/lhercot@cisco.com",
              "modified_at": "2024-09-01T08:56:41.781400Z",
              "modified_by": "cisco/lhercot@cisco.com",
              "revision_id": "8"
            },
            "name": "eth0",
            "no_proxy": [
              "10.0.0.1",
              "server.local"
            ],
            "node_id": "1e38764d-47d3-4e9c-aa80-8a04d66562c2/nodes/1ac71961-4030-435d-8947-f6b09c8b4fbe",
            "node_management_port_id": "5dbbda69-3128-471e-a2c1-a65ba89e581d",
            "ntp_addresses": [
              "be.pool.ntp.org",
              "us.pool.ntp.org"
            ],
            "proxy_address": "proxy.mycompany.com:80",
            "proxy_credential_id": null,
            "proxy_password": "my_super_secret_password2",
            "proxy_username": "my_proxy_user"
          },
          "sensitive_attributes": [],
          "dependencies": [
            "hyperfabric_fabric.fab1",
            "hyperfabric_node.node3"
          ]
        }
      ]
    },
    {
      "mode": "managed",
      "type": "hyperfabric_node_management_port",
      "name": "node4",
      "provider": "provider[\"registry.terraform.io/cisco-open/hyperfabric\"]",
      "instances": [
        {
          "schema_version": 0,
          "attributes": {
            "cloud_urls": null,
            "config_origin": "CONFIG_ORIGIN_CLOUD",
            "connected_state": null,
            "description": "Management Ethernet Port Configuration",
            "dns_addresses": null,
            "enabled": false,
            "id": "1e38764d-47d3-4e9c-aa80-8a04d66562c2/nodes/c986b0cb-1c58-48e1-a7b2-3828cad097e1/managementPorts/382a98f4-a1aa-4b59-8d72-9e3a8b929cff",
            "ipv4_address": null,
            "ipv4_config_type": "CONFIG_TYPE_DHCP",
            "ipv4_gateway": null,
            "ipv6_address": null,
            "ipv6_config_type": "CONFIG_TYPE_DHCP",
            "ipv6_gateway": null,
            "metadata": {
              "created_at": "2024-09-01T07:37:18.420226Z",
              "created_by": "cisco/lhercot@cisco.com",
              "modified_at": "2024-09-01T21:47:37.632761Z",
              "modified_by": "cisco/lhercot@cisco.com",
              "revision_id": "5"
            },
            "name": "eth0",
            "no_proxy": null,
            "node_id": "1e38764d-47d3-4e9c-aa80-8a04d66562c2/nodes/c986b0cb-1c58-48e1-a7b2-3828cad097e1",
            "node_management_port_id": "382a98f4-a1aa-4b59-8d72-9e3a8b929cff",
            "ntp_addresses": null,
            "proxy_address": null,
            "proxy_credential_id": null,
            "proxy_password": null,
            "proxy_username": null
          },
          "sensitive_attributes": [],
          "dependencies": [
            "hyperfabric_fabric.fab1",
            "hyperfabric_node.node4"
          ]
        }
      ]
    },
    {
      "mode": "managed",
      "type": "hyperfabric_user",
      "name": "user1",
      "provider": "provider[\"registry.terraform.io/cisco-open/hyperfabric\"]",
      "instances": [
        {
          "schema_version": 0,
          "attributes": {
            "auth_provider": "CISCO",
            "email": "test@test.be",
            "enabled": true,
            "id": "79e4f6d7-b824-4111-a68e-6458b6846641",
            "labels": null,
            "last_login": null,
            "metadata": null,
            "role": "READ_ONLY"
          },
          "sensitive_attributes": []
        }
      ]
    },
    {
      "mode": "managed",
      "type": "hyperfabric_user",
      "name": "user2",
      "provider": "provider[\"registry.terraform.io/cisco-open/hyperfabric\"]",
      "instances": [
        {
          "schema_version": 0,
          "attributes": {
            "auth_provider": "CISCO",
            "email": "test2@test.be",
            "enabled": false,
            "id": "f9e37a52-4dba-4f7f-8fc4-e1e3799c98de",
            "labels": [
              "blue",
              "green",
              "red"
            ],
            "last_login": null,
            "metadata": null,
            "role": "ADMIN"
          },
          "sensitive_attributes": []
        }
      ]
    },
    {
      "mode": "managed",
      "type": "hyperfabric_vni",
      "name": "vni1",
      "provider": "provider[\"registry.terraform.io/cisco-open/hyperfabric\"]",
      "instances": [
        {
          "schema_version": 0,
          "attributes": {
            "annotations": null,
            "description": null,
            "enabled": true,
            "fabric_id": "1e38764d-47d3-4e9c-aa80-8a04d66562c2",
            "id": "1e38764d-47d3-4e9c-aa80-8a04d66562c2/vnis/9a2312b5-2514-4a61-a7e4-10908a6d90de",
            "is_default": null,
            "labels": null,
            "members": null,
            "metadata": {
              "created_at": "2024-09-03T05:47:36.304145Z",
              "created_by": "cisco/lhercot@cisco.com",
              "modified_at": "2024-09-03T05:47:36.304145Z",
              "modified_by": "cisco/lhercot@cisco.com",
              "revision_id": "1"
            },
            "mtu": null,
            "name": "VNI1",
            "svi": null,
            "vni": 12001025,
            "vni_id": "9a2312b5-2514-4a61-a7e4-10908a6d90de",
            "vrf_id": null
          },
          "sensitive_attributes": [],
          "dependencies": [
            "hyperfabric_fabric.fab1"
          ]
        }
      ]
    },
    {
      "mode": "managed",
      "type": "hyperfabric_vni",
      "name": "vni2",
      "provider": "provider[\"registry.terraform.io/cisco-open/hyperfabric\"]",
      "instances": [
        {
          "schema_version": 0,
          "attributes": {
            "annotations": null,
            "description": null,
            "enabled": true,
            "fabric_id": "1e38764d-47d3-4e9c-aa80-8a04d66562c2",
            "id": "1e38764d-47d3-4e9c-aa80-8a04d66562c2/vnis/b5a8cd25-03bc-45e3-ac7f-64480ca6cee8",
            "is_default": null,
            "labels": null,
            "members": [
              {
                "node_id": "8f1f204f-6350-4d9b-8fe2-0e15c500875c",
                "node_name": "fab1-leaf2",
                "port_name": "Ethernet1_10",
                "vlan_id": 102
              }
            ],
            "metadata": {
              "created_at": "2024-09-03T05:47:35.883492Z",
              "created_by": "cisco/lhercot@cisco.com",
              "modified_at": "2024-09-03T05:47:35.883492Z",
              "modified_by": "cisco/lhercot@cisco.com",
              "revision_id": "1"
            },
            "mtu": null,
            "name": "VNI2",
            "svi": null,
            "vni": 12001024,
            "vni_id": "b5a8cd25-03bc-45e3-ac7f-64480ca6cee8",
            "vrf_id": null
          },
          "sensitive_attributes": [],
          "dependencies": [
            "hyperfabric_fabric.fab1",
            "hyperfabric_node.node2"
          ]
        }
      ]
    },
    {
      "mode": "managed",
      "type": "hyperfabric_vni",
      "name": "vni3",
      "provider": "provider[\"registry.terraform.io/cisco-open/hyperfabric\"]",
      "instances": [
        {
          "schema_version": 0,
          "attributes": {
            "annotations": [
              {
                "data_type": "STRING",
                "name": "position",
                "value": "LF0068"
              }
            ],
            "description": "My Super New Third VNI",
            "enabled": true,
            "fabric_id": "1e38764d-47d3-4e9c-aa80-8a04d66562c2",
            "id": "1e38764d-47d3-4e9c-aa80-8a04d66562c2/vnis/15fe02d7-39d6-4a79-bd86-9e33e38b662e",
            "is_default": null,
            "labels": [
              "103",
              "Ahhh",
              "Ohhhh"
            ],
            "members": [
              {
                "node_id": "*",
                "node_name": null,
                "port_name": "*",
                "vlan_id": 103
              },
              {
                "node_id": "8f1f204f-6350-4d9b-8fe2-0e15c500875c",
                "node_name": "fab1-leaf2",
                "port_name": "*",
                "vlan_id": 103
              },
              {
                "node_id": "8f1f204f-6350-4d9b-8fe2-0e15c500875c",
                "node_name": "fab1-leaf2",
                "port_name": "Ethernet1_10",
                "vlan_id": 103
              }
            ],
            "metadata": {
              "created_at": "2024-09-03T05:47:36.069971Z",
              "created_by": "cisco/lhercot@cisco.com",
              "modified_at": "2024-09-03T06:33:02.171089Z",
              "modified_by": "cisco/lhercot@cisco.com",
              "revision_id": "3"
            },
            "mtu": null,
            "name": "VNI3",
            "svi": {
              "enabled": true,
              "ipv4_addresses": [
                "192.168.0.254/24"
              ],
              "ipv6_addresses": [
                "2001::1/64",
                "2002::1/64"
              ]
            },
            "vni": 100,
            "vni_id": "15fe02d7-39d6-4a79-bd86-9e33e38b662e",
            "vrf_id": "16788dbc-6b4a-4186-b05b-6e72e0408758"
          },
          "sensitive_attributes": [],
          "dependencies": [
            "hyperfabric_fabric.fab1",
            "hyperfabric_node.node2",
            "hyperfabric_vrf.vrf1"
          ]
        }
      ]
    },
    {
      "mode": "managed",
      "type": "hyperfabric_vrf",
      "name": "vrf1",
      "provider": "provider[\"registry.terraform.io/cisco-open/hyperfabric\"]",
      "instances": [
        {
          "schema_version": 0,
          "attributes": {
            "annotations": null,
            "asn": 65001,
            "description": "My Super New First VRF",
            "enabled": true,
            "fabric_id": "1e38764d-47d3-4e9c-aa80-8a04d66562c2",
            "id": "1e38764d-47d3-4e9c-aa80-8a04d66562c2/vrfs/16788dbc-6b4a-4186-b05b-6e72e0408758",
            "is_default": null,
            "labels": null,
            "metadata": {
              "created_at": "2024-08-31T11:46:33.226665Z",
              "created_by": "cisco/lhercot@cisco.com",
              "modified_at": "2024-09-03T06:33:02.171089Z",
              "modified_by": "cisco/lhercot@cisco.com",
              "revision_id": "18"
            },
            "name": "VRF1",
            "route_target": null,
            "vni": 169,
            "vrf_id": "16788dbc-6b4a-4186-b05b-6e72e0408758"
          },
          "sensitive_attributes": [],
          "dependencies": [
            "hyperfabric_fabric.fab1"
          ]
        }
      ]
    },
    {
      "mode": "managed",
      "type": "hyperfabric_vrf",
      "name": "vrf2",
      "provider": "provider[\"registry.terraform.io/cisco-open/hyperfabric\"]",
      "instances": [
        {
          "schema_version": 0,
          "attributes": {
            "annotations": [
              {
                "data_type": "STRING",
                "name": "color",
                "value": "blue"
              },
              {
                "data_type": "STRING",
                "name": "rack",
                "value": "AAA01"
              }
            ],
            "asn": 65002,
            "description": "My Super New Second VRF",
            "enabled": true,
            "fabric_id": "1e38764d-47d3-4e9c-aa80-8a04d66562c2",
            "id": "1e38764d-47d3-4e9c-aa80-8a04d66562c2/vrfs/8183efd4-1a19-4984-9e30-cec99b7b4dd5",
            "is_default": null,
            "labels": [
              "blue",
              "sj01-1-101-AAA01"
            ],
            "metadata": {
              "created_at": "2024-08-31T11:46:33.398226Z",
              "created_by": "cisco/lhercot@cisco.com",
              "modified_at": "2024-09-03T17:21:16.122797Z",
              "modified_by": "cisco/lhercot@cisco.com",
              "revision_id": "2"
            },
            "name": "VRF2",
            "route_target": null,
            "vni": 170,
            "vrf_id": "8183efd4-1a19-4984-9e30-cec99b7b4dd5"
          },
          "sensitive_attributes": [],
          "dependencies": [
            "hyperfabric_fabric.fab1"
          ]
        }
      ]
    },
    {
      "mode": "managed",
      "type": "hyperfabric_vrf",
      "name": "vrf3",
      "provider": "provider[\"registry.terraform.io/cisco-open/hyperfabric\"]",
      "instances": [
        {
          "schema_version": 0,
          "attributes": {
            "annotations": null,
            "asn": null,
            "description": null,
            "enabled": true,
            "fabric_id": "1e38764d-47d3-4e9c-aa80-8a04d66562c2",
            "id": "1e38764d-47d3-4e9c-aa80-8a04d66562c2/vrfs/d815bd2c-d818-48c6-836c-7641c2bc5faf",
            "is_default": null,
            "labels": null,
            "metadata": {
              "created_at": "2024-08-31T11:46:33.044466Z",
              "created_by": "cisco/lhercot@cisco.com",
              "modified_at": "2024-08-31T11:46:33.044466Z",
              "modified_by": "cisco/lhercot@cisco.com",
              "revision_id": "1"
            },
            "name": "VRF4",
            "route_target": null,
            "vni": 12001000,
            "vrf_id": "d815bd2c-d818-48c6-836c-7641c2bc5faf"
          },
          "sensitive_attributes": [],
          "dependencies": [
            "hyperfabric_fabric.fab1"
          ]
        }
      ]
    }
  ],
  "check_results": null
}
